
Microsoft Visual Studio Solution File, Format Version 12.00
# Visual Studio Version 16
VisualStudioVersion = 16.0.29009.5
MinimumVisualStudioVersion = 10.0.40219.1
Project("{00D1A9C2-B5F0-4AF3-8072-F6C62B433612}") = "NewsSiteDb", "NewsSiteDb\NewsSiteDb.sqlproj", "{AADB171C-4CA1-489C-BDCD-03B2B2C58724}"
EndProject
Global
	GlobalSection(SolutionConfigurationPlatforms) = preSolution
		Debug|Any CPU = Debug|Any CPU
		Release|Any CPU = Release|Any CPU
	EndGlobalSection
	GlobalSection(ProjectConfigurationPlatforms) = postSolution
		{AADB171C-4CA1-489C-BDCD-03B2B2C58724}.Debug|Any CPU.ActiveCfg = Debug|Any CPU
		{AADB171C-4CA1-489C-BDCD-03B2B2C58724}.Debug|Any CPU.Build.0 = Debug|Any CPU
		{AADB171C-4CA1-489C-BDCD-03B2B2C58724}.Debug|Any CPU.Deploy.0 = Debug|Any CPU
		{AADB171C-4CA1-489C-BDCD-03B2B2C58724}.Release|Any CPU.ActiveCfg = Release|Any CPU
		{AADB171C-4CA1-489C-BDCD-03B2B2C58724}.Release|Any CPU.Build.0 = Release|Any CPU
		{AADB171C-4CA1-489C-BDCD-03B2B2C58724}.Release|Any CPU.Deploy.0 = Release|Any CPU
	EndGlobalSection
	GlobalSection(SolutionProperties) = preSolution
		HideSolutionNode = FALSE
	EndGlobalSection
	GlobalSection(ExtensibilityGlobals) = postSolution
		SolutionGuid = {FC9BCA45-387A-4DE8-9459-69285C283E1C}
	EndGlobalSection
EndGlobal
